
Microsoft Visual Studio Solution File, Format Version 12.00
# Visual Studio Version 17
VisualStudioVersion = 17.14.36414.22 d17.14
MinimumVisualStudioVersion = 10.0.40219.1
Project("{FAE04EC0-301F-11D3-BF4B-00C04F79EFBC}") = "OOPClass2", "OOPClass2\OOPClass2.csproj", "{9CC5B0EB-185A-416A-B061-EEAC505A14F1}"
EndProject
Global
	GlobalSection(SolutionConfigurationPlatforms) = preSolution
		Debug|Any CPU = Debug|Any CPU
		Release|Any CPU = Release|Any CPU
	EndGlobalSection
	GlobalSection(ProjectConfigurationPlatforms) = postSolution
		{9CC5B0EB-185A-416A-B061-EEAC505A14F1}.Debug|Any CPU.ActiveCfg = Debug|Any CPU
		{9CC5B0EB-185A-416A-B061-EEAC505A14F1}.Debug|Any CPU.Build.0 = Debug|Any CPU
		{9CC5B0EB-185A-416A-B061-EEAC505A14F1}.Release|Any CPU.ActiveCfg = Release|Any CPU
		{9CC5B0EB-185A-416A-B061-EEAC505A14F1}.Release|Any CPU.Build.0 = Release|Any CPU
	EndGlobalSection
	GlobalSection(SolutionProperties) = preSolution
		HideSolutionNode = FALSE
	EndGlobalSection
	GlobalSection(ExtensibilityGlobals) = postSolution
		SolutionGuid = {B3F060F2-8C7B-4CBC-93EF-BD0B2D26AB6D}
	EndGlobalSection
EndGlobal
