
Microsoft Visual Studio Solution File, Format Version 12.00
# Visual Studio Version 17
VisualStudioVersion = 17.14.36414.22 d17.14
MinimumVisualStudioVersion = 10.0.40219.1
Project("{FAE04EC0-301F-11D3-BF4B-00C04F79EFBC}") = "Constructer example", "Constructer example\Constructer example.csproj", "{C0046B11-5371-47C4-AD35-B8E280613EFA}"
EndProject
Global
	GlobalSection(SolutionConfigurationPlatforms) = preSolution
		Debug|Any CPU = Debug|Any CPU
		Release|Any CPU = Release|Any CPU
	EndGlobalSection
	GlobalSection(ProjectConfigurationPlatforms) = postSolution
		{C0046B11-5371-47C4-AD35-B8E280613EFA}.Debug|Any CPU.ActiveCfg = Debug|Any CPU
		{C0046B11-5371-47C4-AD35-B8E280613EFA}.Debug|Any CPU.Build.0 = Debug|Any CPU
		{C0046B11-5371-47C4-AD35-B8E280613EFA}.Release|Any CPU.ActiveCfg = Release|Any CPU
		{C0046B11-5371-47C4-AD35-B8E280613EFA}.Release|Any CPU.Build.0 = Release|Any CPU
	EndGlobalSection
	GlobalSection(SolutionProperties) = preSolution
		HideSolutionNode = FALSE
	EndGlobalSection
	GlobalSection(ExtensibilityGlobals) = postSolution
		SolutionGuid = {3A0DE7BF-1B3F-461D-888E-2D0FDF96650A}
	EndGlobalSection
EndGlobal
