
Microsoft Visual Studio Solution File, Format Version 12.00
# Visual Studio Version 17
VisualStudioVersion = 17.14.36414.22 d17.14
MinimumVisualStudioVersion = 10.0.40219.1
Project("{FAE04EC0-301F-11D3-BF4B-00C04F79EFBC}") = "OOPC1", "OOPC1\OOPC1.csproj", "{E59C9235-1BFA-407B-8A43-ECEDBE4E47B1}"
EndProject
Global
	GlobalSection(SolutionConfigurationPlatforms) = preSolution
		Debug|Any CPU = Debug|Any CPU
		Release|Any CPU = Release|Any CPU
	EndGlobalSection
	GlobalSection(ProjectConfigurationPlatforms) = postSolution
		{E59C9235-1BFA-407B-8A43-ECEDBE4E47B1}.Debug|Any CPU.ActiveCfg = Debug|Any CPU
		{E59C9235-1BFA-407B-8A43-ECEDBE4E47B1}.Debug|Any CPU.Build.0 = Debug|Any CPU
		{E59C9235-1BFA-407B-8A43-ECEDBE4E47B1}.Release|Any CPU.ActiveCfg = Release|Any CPU
		{E59C9235-1BFA-407B-8A43-ECEDBE4E47B1}.Release|Any CPU.Build.0 = Release|Any CPU
	EndGlobalSection
	GlobalSection(SolutionProperties) = preSolution
		HideSolutionNode = FALSE
	EndGlobalSection
	GlobalSection(ExtensibilityGlobals) = postSolution
		SolutionGuid = {3D1450CC-8DAB-4609-8FB1-28612AD1E7E8}
	EndGlobalSection
EndGlobal
